# THIS IS AN AUTOGENERATED FILE. DO NOT EDIT THIS FILE DIRECTLY.
# yarn lockfile v1


"@tbxark/proxy-render@../..":
  version "1.1.0"

"@tbxark/proxy-render@file:..":
  version "0.0.0"

itty-router@^2.6.0:
  version "2.6.1"
  resolved "https://registry.yarnpkg.com/itty-router/-/itty-router-2.6.1.tgz#eecb59fa25b5f6f519276cc5bcaaa1cb341d5fee"
  integrity sha512-l9gxWe5TOLUESYnBn85Jxd6tIZLWdRX5YKkHIBfSgbNQ7UFPNUGuWihRV+LlEbfJJIzgLmhwAbaWRi5yWJm8kg==

proxy-server-core@../core:
  version "1.0.0"
  dependencies:
    "@tbxark/proxy-render" "../.."
