# THIS IS AN AUTOGENERATED FILE. DO NOT EDIT THIS FILE DIRECTLY.
# yarn lockfile v1


"itty-router@^2.6.0":
  "integrity" "sha512-l9gxWe5TOLUESYnBn85Jxd6tIZLWdRX5YKkHIBfSgbNQ7UFPNUGuWihRV+LlEbfJJIzgLmhwAbaWRi5yWJm8kg=="
  "resolved" "https://registry.npmjs.org/itty-router/-/itty-router-2.6.1.tgz"
  "version" "2.6.1"

"proxy-server-core@../core":
  "resolved" "file:../core"
  "version" "1.0.0"
  dependencies:
    "@tbxark/proxy-render" "../.."
    "itty-router" "^2.6.1"
